
Microsoft Visual Studio Solution File, Format Version 12.00
# Visual Studio Version 17
VisualStudioVersion = 17.0.31903.59
MinimumVisualStudioVersion = 10.0.40219.1
Project("{2150E333-8FDC-42A3-9474-1A3956D46DE8}") = "local", "local", "{9A25597F-F87D-41F8-A8A7-3F1A35CC3044}"
EndProject
Project("{9A19103F-16F7-4668-BE54-9A1E7A4F7556}") = "Playground", "local\Playground\Playground.csproj", "{B9D5CBD8-7F6E-4E41-8B31-1BBBA972BC70}"
EndProject
Project("{2150E333-8FDC-42A3-9474-1A3956D46DE8}") = "misc", "misc", "{D5601A2A-54C1-4D02-9B54-B62D379A21F3}"
	ProjectSection(SolutionItems) = preProject
		..\.gitattributes = ..\.gitattributes
		..\.gitignore = ..\.gitignore
		..\readme.md = ..\readme.md
	EndProjectSection
EndProject
Project("{2150E333-8FDC-42A3-9474-1A3956D46DE8}") = "base", "base", "{DE395C3C-BFCF-46FB-B6DD-3DDD5A558791}"
EndProject
Project("{9A19103F-16F7-4668-BE54-9A1E7A4F7556}") = "Throw.Base", "base\Throw.Base\Throw.Base.csproj", "{3FDCBB78-F342-4A13-85D8-37364E9BB979}"
EndProject
Project("{2150E333-8FDC-42A3-9474-1A3956D46DE8}") = "exceptions", "exceptions", "{0E999565-48C5-4095-9C7F-AB0277D6F80B}"
EndProject
Project("{9A19103F-16F7-4668-BE54-9A1E7A4F7556}") = "Throw", "exceptions\Throw\Throw.csproj", "{5D52479F-A176-4B52-AA79-C70562C9A091}"
EndProject
Project("{9A19103F-16F7-4668-BE54-9A1E7A4F7556}") = "Throw.CodeTests", "exceptions\Throw.CodeTests\Throw.CodeTests.csproj", "{180EC284-C441-48B0-AC95-CC1CCD3DF266}"
EndProject
Project("{2150E333-8FDC-42A3-9474-1A3956D46DE8}") = "guards", "guards", "{DC824F60-8DFE-4474-9017-0BA19F3D66E2}"
EndProject
Project("{FAE04EC0-301F-11D3-BF4B-00C04F79EFBC}") = "Throw.Guards.Tests", "guards\Throw.Guards.Tests\Throw.Guards.Tests.csproj", "{347FD7FB-2182-47A7-A3AA-40F6FAE91E8C}"
EndProject
Project("{FAE04EC0-301F-11D3-BF4B-00C04F79EFBC}") = "Throw.Guards", "guards\Throw.Guards\Throw.Guards.csproj", "{EF590BE1-C5F8-45D3-B5F1-5A25C449095C}"
EndProject
Global
	GlobalSection(SolutionConfigurationPlatforms) = preSolution
		Debug|Any CPU = Debug|Any CPU
		Release|Any CPU = Release|Any CPU
	EndGlobalSection
	GlobalSection(ProjectConfigurationPlatforms) = postSolution
		{B9D5CBD8-7F6E-4E41-8B31-1BBBA972BC70}.Debug|Any CPU.ActiveCfg = Debug|Any CPU
		{B9D5CBD8-7F6E-4E41-8B31-1BBBA972BC70}.Debug|Any CPU.Build.0 = Debug|Any CPU
		{B9D5CBD8-7F6E-4E41-8B31-1BBBA972BC70}.Release|Any CPU.ActiveCfg = Release|Any CPU
		{B9D5CBD8-7F6E-4E41-8B31-1BBBA972BC70}.Release|Any CPU.Build.0 = Release|Any CPU
		{3FDCBB78-F342-4A13-85D8-37364E9BB979}.Debug|Any CPU.ActiveCfg = Debug|Any CPU
		{3FDCBB78-F342-4A13-85D8-37364E9BB979}.Debug|Any CPU.Build.0 = Debug|Any CPU
		{3FDCBB78-F342-4A13-85D8-37364E9BB979}.Release|Any CPU.ActiveCfg = Release|Any CPU
		{3FDCBB78-F342-4A13-85D8-37364E9BB979}.Release|Any CPU.Build.0 = Release|Any CPU
		{5D52479F-A176-4B52-AA79-C70562C9A091}.Debug|Any CPU.ActiveCfg = Debug|Any CPU
		{5D52479F-A176-4B52-AA79-C70562C9A091}.Debug|Any CPU.Build.0 = Debug|Any CPU
		{5D52479F-A176-4B52-AA79-C70562C9A091}.Release|Any CPU.ActiveCfg = Release|Any CPU
		{5D52479F-A176-4B52-AA79-C70562C9A091}.Release|Any CPU.Build.0 = Release|Any CPU
		{180EC284-C441-48B0-AC95-CC1CCD3DF266}.Debug|Any CPU.ActiveCfg = Debug|Any CPU
		{180EC284-C441-48B0-AC95-CC1CCD3DF266}.Debug|Any CPU.Build.0 = Debug|Any CPU
		{180EC284-C441-48B0-AC95-CC1CCD3DF266}.Release|Any CPU.ActiveCfg = Release|Any CPU
		{180EC284-C441-48B0-AC95-CC1CCD3DF266}.Release|Any CPU.Build.0 = Release|Any CPU
		{347FD7FB-2182-47A7-A3AA-40F6FAE91E8C}.Debug|Any CPU.ActiveCfg = Debug|Any CPU
		{347FD7FB-2182-47A7-A3AA-40F6FAE91E8C}.Debug|Any CPU.Build.0 = Debug|Any CPU
		{347FD7FB-2182-47A7-A3AA-40F6FAE91E8C}.Release|Any CPU.ActiveCfg = Release|Any CPU
		{347FD7FB-2182-47A7-A3AA-40F6FAE91E8C}.Release|Any CPU.Build.0 = Release|Any CPU
		{EF590BE1-C5F8-45D3-B5F1-5A25C449095C}.Debug|Any CPU.ActiveCfg = Debug|Any CPU
		{EF590BE1-C5F8-45D3-B5F1-5A25C449095C}.Debug|Any CPU.Build.0 = Debug|Any CPU
		{EF590BE1-C5F8-45D3-B5F1-5A25C449095C}.Release|Any CPU.ActiveCfg = Release|Any CPU
		{EF590BE1-C5F8-45D3-B5F1-5A25C449095C}.Release|Any CPU.Build.0 = Release|Any CPU
	EndGlobalSection
	GlobalSection(SolutionProperties) = preSolution
		HideSolutionNode = FALSE
	EndGlobalSection
	GlobalSection(NestedProjects) = preSolution
		{B9D5CBD8-7F6E-4E41-8B31-1BBBA972BC70} = {9A25597F-F87D-41F8-A8A7-3F1A35CC3044}
		{3FDCBB78-F342-4A13-85D8-37364E9BB979} = {DE395C3C-BFCF-46FB-B6DD-3DDD5A558791}
		{5D52479F-A176-4B52-AA79-C70562C9A091} = {0E999565-48C5-4095-9C7F-AB0277D6F80B}
		{180EC284-C441-48B0-AC95-CC1CCD3DF266} = {0E999565-48C5-4095-9C7F-AB0277D6F80B}
		{347FD7FB-2182-47A7-A3AA-40F6FAE91E8C} = {DC824F60-8DFE-4474-9017-0BA19F3D66E2}
		{EF590BE1-C5F8-45D3-B5F1-5A25C449095C} = {DC824F60-8DFE-4474-9017-0BA19F3D66E2}
	EndGlobalSection
	GlobalSection(ExtensibilityGlobals) = postSolution
		SolutionGuid = {E3383300-5067-41EC-816E-0331007F151E}
	EndGlobalSection
EndGlobal
